
Microsoft Visual Studio Solution File, Format Version 12.00
# Visual Studio Version 17
VisualStudioVersion = 17.9.34902.65
MinimumVisualStudioVersion = 10.0.40219.1
Project("{9A19103F-16F7-4668-BE54-9A1E7A4F7556}") = "DuAn_DoAnNhanh.Data", "DuAn_DoAnNhanh.Data\DuAn_DoAnNhanh.Data.csproj", "{1BDFBB29-6D2E-45BA-BF0E-53868B237A06}"
EndProject
Project("{9A19103F-16F7-4668-BE54-9A1E7A4F7556}") = "DuAn_DoAnNhanh.Client", "DuAn_DoAnNhanh.Client\DuAn_DoAnNhanh.Client.csproj", "{1A71613E-C10B-452E-BF2B-5D2D4FA64D99}"
	ProjectSection(ProjectDependencies) = postProject
		{B245258A-3F5B-47DD-B638-78C2DD8296DD} = {B245258A-3F5B-47DD-B638-78C2DD8296DD}
		{EECE52F5-83AB-4BB9-93B9-5D9A728DC2D9} = {EECE52F5-83AB-4BB9-93B9-5D9A728DC2D9}
	EndProjectSection
EndProject
Project("{9A19103F-16F7-4668-BE54-9A1E7A4F7556}") = "DuAn_DoAnNhanh.Manage", "DuAn_DoAnNhanh.Manage\DuAn_DoAnNhanh.Manage.csproj", "{B245258A-3F5B-47DD-B638-78C2DD8296DD}"
	ProjectSection(ProjectDependencies) = postProject
		{1BDFBB29-6D2E-45BA-BF0E-53868B237A06} = {1BDFBB29-6D2E-45BA-BF0E-53868B237A06}
	EndProjectSection
EndProject
Project("{9A19103F-16F7-4668-BE54-9A1E7A4F7556}") = "DuAn_DoAnNhanh.Application", "DuAn_DoAnNhanh.Application\DuAn_DoAnNhanh.Application.csproj", "{EECE52F5-83AB-4BB9-93B9-5D9A728DC2D9}"
EndProject
Global
	GlobalSection(SolutionConfigurationPlatforms) = preSolution
		Debug|Any CPU = Debug|Any CPU
		Release|Any CPU = Release|Any CPU
	EndGlobalSection
	GlobalSection(ProjectConfigurationPlatforms) = postSolution
		{1BDFBB29-6D2E-45BA-BF0E-53868B237A06}.Debug|Any CPU.ActiveCfg = Debug|Any CPU
		{1BDFBB29-6D2E-45BA-BF0E-53868B237A06}.Debug|Any CPU.Build.0 = Debug|Any CPU
		{1BDFBB29-6D2E-45BA-BF0E-53868B237A06}.Release|Any CPU.ActiveCfg = Release|Any CPU
		{1BDFBB29-6D2E-45BA-BF0E-53868B237A06}.Release|Any CPU.Build.0 = Release|Any CPU
		{1A71613E-C10B-452E-BF2B-5D2D4FA64D99}.Debug|Any CPU.ActiveCfg = Debug|Any CPU
		{1A71613E-C10B-452E-BF2B-5D2D4FA64D99}.Debug|Any CPU.Build.0 = Debug|Any CPU
		{1A71613E-C10B-452E-BF2B-5D2D4FA64D99}.Release|Any CPU.ActiveCfg = Release|Any CPU
		{1A71613E-C10B-452E-BF2B-5D2D4FA64D99}.Release|Any CPU.Build.0 = Release|Any CPU
		{B245258A-3F5B-47DD-B638-78C2DD8296DD}.Debug|Any CPU.ActiveCfg = Debug|Any CPU
		{B245258A-3F5B-47DD-B638-78C2DD8296DD}.Debug|Any CPU.Build.0 = Debug|Any CPU
		{B245258A-3F5B-47DD-B638-78C2DD8296DD}.Release|Any CPU.ActiveCfg = Release|Any CPU
		{B245258A-3F5B-47DD-B638-78C2DD8296DD}.Release|Any CPU.Build.0 = Release|Any CPU
		{EECE52F5-83AB-4BB9-93B9-5D9A728DC2D9}.Debug|Any CPU.ActiveCfg = Debug|Any CPU
		{EECE52F5-83AB-4BB9-93B9-5D9A728DC2D9}.Debug|Any CPU.Build.0 = Debug|Any CPU
		{EECE52F5-83AB-4BB9-93B9-5D9A728DC2D9}.Release|Any CPU.ActiveCfg = Release|Any CPU
		{EECE52F5-83AB-4BB9-93B9-5D9A728DC2D9}.Release|Any CPU.Build.0 = Release|Any CPU
	EndGlobalSection
	GlobalSection(SolutionProperties) = preSolution
		HideSolutionNode = FALSE
	EndGlobalSection
	GlobalSection(ExtensibilityGlobals) = postSolution
		SolutionGuid = {3269773B-E8B2-4E90-8D94-53DBC304D1BD}
	EndGlobalSection
EndGlobal
